// !$*UTF8*$!
{
	archiveVersion = 1;
	classes = {
	};
	objectVersion = 50;
	objects = {

/* Begin PBXBuildFile section */
		1319D08F23B94B9D005DB1B9 /* DetailedPlayerViewController.swift in Sources */ = {isa = PBXBuildFile; fileRef = 1319D08E23B94B9D005DB1B9 /* DetailedPlayerViewController.swift */; };
		13416A6823B5BB62001CFF51 /* AmpCell.swift in Sources */ = {isa = PBXBuildFile; fileRef = 13416A6723B5BB62001CFF51 /* AmpCell.swift */; };
		13416A6A23B5BC2F001CFF51 /* AmpViewController.swift in Sources */ = {isa = PBXBuildFile; fileRef = 13416A6923B5BC2F001CFF51 /* AmpViewController.swift */; };
		1342726B2397151D00A922EE /* GuitarCell.swift in Sources */ = {isa = PBXBuildFile; fileRef = 1342726A2397151D00A922EE /* GuitarCell.swift */; };
		1343E32223BD6C06003B0EDD /* RigViewController.swift in Sources */ = {isa = PBXBuildFile; fileRef = 1343E32123BD6C06003B0EDD /* RigViewController.swift */; };
		1349815323C38A260049993D /* Christian Hurtado.mp3 in Resources */ = {isa = PBXBuildFile; fileRef = 1349815223C38A260049993D /* Christian Hurtado.mp3 */; };
		1349815B23C38FE90049993D /* John Mayer.mp3 in Resources */ = {isa = PBXBuildFile; fileRef = 1349815423C38FE70049993D /* John Mayer.mp3 */; };
		1349815C23C38FE90049993D /* James Hetfield.mp3 in Resources */ = {isa = PBXBuildFile; fileRef = 1349815523C38FE70049993D /* James Hetfield.mp3 */; };
		1349815D23C38FE90049993D /* Juanes.mp3 in Resources */ = {isa = PBXBuildFile; fileRef = 1349815623C38FE70049993D /* Juanes.mp3 */; };
		1349815E23C38FE90049993D /* Jimi Hendrix.mp3 in Resources */ = {isa = PBXBuildFile; fileRef = 1349815723C38FE80049993D /* Jimi Hendrix.mp3 */; };
		1349815F23C38FE90049993D /* Bob Marley.mp3 in Resources */ = {isa = PBXBuildFile; fileRef = 1349815823C38FE80049993D /* Bob Marley.mp3 */; };
		1349816023C38FE90049993D /* B.B. King.mp3 in Resources */ = {isa = PBXBuildFile; fileRef = 1349815923C38FE80049993D /* B.B. King.mp3 */; };
		1349816123C38FE90049993D /* Slash.mp3 in Resources */ = {isa = PBXBuildFile; fileRef = 1349815A23C38FE90049993D /* Slash.mp3 */; };
		135FE2A0238A1FB80003DD94 /* AppDelegate.swift in Sources */ = {isa = PBXBuildFile; fileRef = 135FE29F238A1FB80003DD94 /* AppDelegate.swift */; };
		135FE2A2238A1FB80003DD94 /* SceneDelegate.swift in Sources */ = {isa = PBXBuildFile; fileRef = 135FE2A1238A1FB80003DD94 /* SceneDelegate.swift */; };
		135FE2A4238A1FB80003DD94 /* guitarViewController.swift in Sources */ = {isa = PBXBuildFile; fileRef = 135FE2A3238A1FB80003DD94 /* guitarViewController.swift */; };
		135FE2A7238A1FB80003DD94 /* Main.storyboard in Resources */ = {isa = PBXBuildFile; fileRef = 135FE2A5238A1FB80003DD94 /* Main.storyboard */; };
		135FE2A9238A1FBB0003DD94 /* Assets.xcassets in Resources */ = {isa = PBXBuildFile; fileRef = 135FE2A8238A1FBB0003DD94 /* Assets.xcassets */; };
		135FE2AC238A1FBB0003DD94 /* LaunchScreen.storyboard in Resources */ = {isa = PBXBuildFile; fileRef = 135FE2AA238A1FBB0003DD94 /* LaunchScreen.storyboard */; };
		135FE2B4238A20130003DD94 /* Guitars.swift in Sources */ = {isa = PBXBuildFile; fileRef = 135FE2B3238A20130003DD94 /* Guitars.swift */; };
		135FE2B8238A59C70003DD94 /* Pedals.swift in Sources */ = {isa = PBXBuildFile; fileRef = 135FE2B7238A59C70003DD94 /* Pedals.swift */; };
		135FE2BA238A5E0D0003DD94 /* Amplifiers.swift in Sources */ = {isa = PBXBuildFile; fileRef = 135FE2B9238A5E0D0003DD94 /* Amplifiers.swift */; };
		135FE2E0238C60140003DD94 /* PedalViewController.swift in Sources */ = {isa = PBXBuildFile; fileRef = 135FE2DF238C60140003DD94 /* PedalViewController.swift */; };
		135FE2E4238C822D0003DD94 /* PedalCell.swift in Sources */ = {isa = PBXBuildFile; fileRef = 135FE2E3238C822D0003DD94 /* PedalCell.swift */; };
		136C249223B828670011ECF0 /* Player.swift in Sources */ = {isa = PBXBuildFile; fileRef = 136C249123B828670011ECF0 /* Player.swift */; };
		13FA3A4823B83175007D5DCB /* PlayerViewController.swift in Sources */ = {isa = PBXBuildFile; fileRef = 13FA3A4723B83175007D5DCB /* PlayerViewController.swift */; };
		13FA3A4A23B8337E007D5DCB /* PlayerCell.swift in Sources */ = {isa = PBXBuildFile; fileRef = 13FA3A4923B8337E007D5DCB /* PlayerCell.swift */; };
/* End PBXBuildFile section */

/* Begin PBXFileReference section */
		1319D08E23B94B9D005DB1B9 /* DetailedPlayerViewController.swift */ = {isa = PBXFileReference; lastKnownFileType = sourcecode.swift; path = DetailedPlayerViewController.swift; sourceTree = "<group>"; };
		13416A6723B5BB62001CFF51 /* AmpCell.swift */ = {isa = PBXFileReference; lastKnownFileType = sourcecode.swift; path = AmpCell.swift; sourceTree = "<group>"; };
		13416A6923B5BC2F001CFF51 /* AmpViewController.swift */ = {isa = PBXFileReference; lastKnownFileType = sourcecode.swift; path = AmpViewController.swift; sourceTree = "<group>"; };
		1342726A2397151D00A922EE /* GuitarCell.swift */ = {isa = PBXFileReference; lastKnownFileType = sourcecode.swift; path = GuitarCell.swift; sourceTree = "<group>"; };
		1343E32123BD6C06003B0EDD /* RigViewController.swift */ = {isa = PBXFileReference; lastKnownFileType = sourcecode.swift; path = RigViewController.swift; sourceTree = "<group>"; };
		1349815223C38A260049993D /* Christian Hurtado.mp3 */ = {isa = PBXFileReference; lastKnownFileType = audio.mp3; path = "Christian Hurtado.mp3"; sourceTree = "<group>"; };
		1349815423C38FE70049993D /* John Mayer.mp3 */ = {isa = PBXFileReference; lastKnownFileType = audio.mp3; path = "John Mayer.mp3"; sourceTree = "<group>"; };
		1349815523C38FE70049993D /* James Hetfield.mp3 */ = {isa = PBXFileReference; lastKnownFileType = audio.mp3; path = "James Hetfield.mp3"; sourceTree = "<group>"; };
		1349815623C38FE70049993D /* Juanes.mp3 */ = {isa = PBXFileReference; lastKnownFileType = audio.mp3; path = Juanes.mp3; sourceTree = "<group>"; };
		1349815723C38FE80049993D /* Jimi Hendrix.mp3 */ = {isa = PBXFileReference; lastKnownFileType = audio.mp3; path = "Jimi Hendrix.mp3"; sourceTree = "<group>"; };
		1349815823C38FE80049993D /* Bob Marley.mp3 */ = {isa = PBXFileReference; lastKnownFileType = audio.mp3; path = "Bob Marley.mp3"; sourceTree = "<group>"; };
		1349815923C38FE80049993D /* B.B. King.mp3 */ = {isa = PBXFileReference; lastKnownFileType = audio.mp3; path = "B.B. King.mp3"; sourceTree = "<group>"; };
		1349815A23C38FE90049993D /* Slash.mp3 */ = {isa = PBXFileReference; lastKnownFileType = audio.mp3; path = Slash.mp3; sourceTree = "<group>"; };
		135FE29C238A1FB80003DD94 /* GuitarsApp.app */ = {isa = PBXFileReference; explicitFileType = wrapper.application; includeInIndex = 0; path = GuitarsApp.app; sourceTree = BUILT_PRODUCTS_DIR; };
		135FE29F238A1FB80003DD94 /* AppDelegate.swift */ = {isa = PBXFileReference; lastKnownFileType = sourcecode.swift; path = AppDelegate.swift; sourceTree = "<group>"; };
		135FE2A1238A1FB80003DD94 /* SceneDelegate.swift */ = {isa = PBXFileReference; lastKnownFileType = sourcecode.swift; path = SceneDelegate.swift; sourceTree = "<group>"; };
		135FE2A3238A1FB80003DD94 /* guitarViewController.swift */ = {isa = PBXFileReference; lastKnownFileType = sourcecode.swift; path = guitarViewController.swift; sourceTree = "<group>"; };
		135FE2A6238A1FB80003DD94 /* Base */ = {isa = PBXFileReference; lastKnownFileType = file.storyboard; name = Base; path = Base.lproj/Main.storyboard; sourceTree = "<group>"; };
		135FE2A8238A1FBB0003DD94 /* Assets.xcassets */ = {isa = PBXFileReference; lastKnownFileType = folder.assetcatalog; path = Assets.xcassets; sourceTree = "<group>"; };
		135FE2AB238A1FBB0003DD94 /* Base */ = {isa = PBXFileReference; lastKnownFileType = file.storyboard; name = Base; path = Base.lproj/LaunchScreen.storyboard; sourceTree = "<group>"; };
		135FE2AD238A1FBB0003DD94 /* Info.plist */ = {isa = PBXFileReference; lastKnownFileType = text.plist.xml; path = Info.plist; sourceTree = "<group>"; };
		135FE2B3238A20130003DD94 /* Guitars.swift */ = {isa = PBXFileReference; lastKnownFileType = sourcecode.swift; path = Guitars.swift; sourceTree = "<group>"; };
		135FE2B7238A59C70003DD94 /* Pedals.swift */ = {isa = PBXFileReference; lastKnownFileType = sourcecode.swift; path = Pedals.swift; sourceTree = "<group>"; };
		135FE2B9238A5E0D0003DD94 /* Amplifiers.swift */ = {isa = PBXFileReference; lastKnownFileType = sourcecode.swift; path = Amplifiers.swift; sourceTree = "<group>"; };
		135FE2DF238C60140003DD94 /* PedalViewController.swift */ = {isa = PBXFileReference; lastKnownFileType = sourcecode.swift; path = PedalViewController.swift; sourceTree = "<group>"; };
		135FE2E3238C822D0003DD94 /* PedalCell.swift */ = {isa = PBXFileReference; lastKnownFileType = sourcecode.swift; path = PedalCell.swift; sourceTree = "<group>"; };
		136C249123B828670011ECF0 /* Player.swift */ = {isa = PBXFileReference; lastKnownFileType = sourcecode.swift; path = Player.swift; sourceTree = "<group>"; };
		13FA3A4723B83175007D5DCB /* PlayerViewController.swift */ = {isa = PBXFileReference; lastKnownFileType = sourcecode.swift; path = PlayerViewController.swift; sourceTree = "<group>"; };
		13FA3A4923B8337E007D5DCB /* PlayerCell.swift */ = {isa = PBXFileReference; lastKnownFileType = sourcecode.swift; path = PlayerCell.swift; sourceTree = "<group>"; };
/* End PBXFileReference section */

/* Begin PBXFrameworksBuildPhase section */
		135FE299238A1FB80003DD94 /* Frameworks */ = {
			isa = PBXFrameworksBuildPhase;
			buildActionMask = 2147483647;
			files = (
			);
			runOnlyForDeploymentPostprocessing = 0;
		};
/* End PBXFrameworksBuildPhase section */

/* Begin PBXGroup section */
		1340B4BD23B5B46C0026E2E7 /* View Controllers */ = {
			isa = PBXGroup;
			children = (
				135FE2A3238A1FB80003DD94 /* guitarViewController.swift */,
				135FE2DF238C60140003DD94 /* PedalViewController.swift */,
				13416A6923B5BC2F001CFF51 /* AmpViewController.swift */,
				13FA3A4723B83175007D5DCB /* PlayerViewController.swift */,
				1319D08E23B94B9D005DB1B9 /* DetailedPlayerViewController.swift */,
				1343E32123BD6C06003B0EDD /* RigViewController.swift */,
			);
			path = "View Controllers";
			sourceTree = "<group>";
		};
		1340B4BE23B5B4B40026E2E7 /* Models */ = {
			isa = PBXGroup;
			children = (
				135FE2B3238A20130003DD94 /* Guitars.swift */,
				135FE2B7238A59C70003DD94 /* Pedals.swift */,
				135FE2B9238A5E0D0003DD94 /* Amplifiers.swift */,
				136C249123B828670011ECF0 /* Player.swift */,
			);
			path = Models;
			sourceTree = "<group>";
		};
		1340B4BF23B5B4CE0026E2E7 /* Cells */ = {
			isa = PBXGroup;
			children = (
				1342726A2397151D00A922EE /* GuitarCell.swift */,
				135FE2E3238C822D0003DD94 /* PedalCell.swift */,
				13416A6723B5BB62001CFF51 /* AmpCell.swift */,
				13FA3A4923B8337E007D5DCB /* PlayerCell.swift */,
			);
			path = Cells;
			sourceTree = "<group>";
		};
		1349815123C389E10049993D /* Sounds */ = {
			isa = PBXGroup;
			children = (
				1349815223C38A260049993D /* Christian Hurtado.mp3 */,
				1349815923C38FE80049993D /* B.B. King.mp3 */,
				1349815823C38FE80049993D /* Bob Marley.mp3 */,
				1349815423C38FE70049993D /* John Mayer.mp3 */,
				1349815A23C38FE90049993D /* Slash.mp3 */,
				1349815623C38FE70049993D /* Juanes.mp3 */,
				1349815523C38FE70049993D /* James Hetfield.mp3 */,
				1349815723C38FE80049993D /* Jimi Hendrix.mp3 */,
			);
			path = Sounds;
			sourceTree = "<group>";
		};
		135FE293238A1FB80003DD94 = {
			isa = PBXGroup;
			children = (
				1349815123C389E10049993D /* Sounds */,
				135FE29E238A1FB80003DD94 /* GuitarsApp */,
				135FE29D238A1FB80003DD94 /* Products */,
			);
			sourceTree = "<group>";
		};
		135FE29D238A1FB80003DD94 /* Products */ = {
			isa = PBXGroup;
			children = (
				135FE29C238A1FB80003DD94 /* GuitarsApp.app */,
			);
			name = Products;
			sourceTree = "<group>";
		};
		135FE29E238A1FB80003DD94 /* GuitarsApp */ = {
			isa = PBXGroup;
			children = (
				135FE29F238A1FB80003DD94 /* AppDelegate.swift */,
				1340B4BE23B5B4B40026E2E7 /* Models */,
				1340B4BF23B5B4CE0026E2E7 /* Cells */,
				1340B4BD23B5B46C0026E2E7 /* View Controllers */,
				135FE2A5238A1FB80003DD94 /* Main.storyboard */,
				135FE2A1238A1FB80003DD94 /* SceneDelegate.swift */,
				135FE2A8238A1FBB0003DD94 /* Assets.xcassets */,
				135FE2AA238A1FBB0003DD94 /* LaunchScreen.storyboard */,
				135FE2AD238A1FBB0003DD94 /* Info.plist */,
			);
			path = GuitarsApp;
			sourceTree = "<group>";
		};
/* End PBXGroup section */

/* Begin PBXNativeTarget section */
		135FE29B238A1FB80003DD94 /* GuitarsApp */ = {
			isa = PBXNativeTarget;
			buildConfigurationList = 135FE2B0238A1FBB0003DD94 /* Build configuration list for PBXNativeTarget "GuitarsApp" */;
			buildPhases = (
				135FE298238A1FB80003DD94 /* Sources */,
				135FE299238A1FB80003DD94 /* Frameworks */,
				135FE29A238A1FB80003DD94 /* Resources */,
			);
			buildRules = (
			);
			dependencies = (
			);
			name = GuitarsApp;
			productName = GuitarsApp;
			productReference = 135FE29C238A1FB80003DD94 /* GuitarsApp.app */;
			productType = "com.apple.product-type.application";
		};
/* End PBXNativeTarget section */

/* Begin PBXProject section */
		135FE294238A1FB80003DD94 /* Project object */ = {
			isa = PBXProject;
			attributes = {
				LastSwiftUpdateCheck = 1120;
				LastUpgradeCheck = 1120;
				ORGANIZATIONNAME = "Christian Hurtado";
				TargetAttributes = {
					135FE29B238A1FB80003DD94 = {
						CreatedOnToolsVersion = 11.2;
					};
				};
			};
			buildConfigurationList = 135FE297238A1FB80003DD94 /* Build configuration list for PBXProject "GuitarsApp" */;
			compatibilityVersion = "Xcode 9.3";
			developmentRegion = en;
			hasScannedForEncodings = 0;
			knownRegions = (
				en,
				Base,
			);
			mainGroup = 135FE293238A1FB80003DD94;
			productRefGroup = 135FE29D238A1FB80003DD94 /* Products */;
			projectDirPath = "";
			projectRoot = "";
			targets = (
				135FE29B238A1FB80003DD94 /* GuitarsApp */,
			);
		};
/* End PBXProject section */

/* Begin PBXResourcesBuildPhase section */
		135FE29A238A1FB80003DD94 /* Resources */ = {
			isa = PBXResourcesBuildPhase;
			buildActionMask = 2147483647;
			files = (
				1349815C23C38FE90049993D /* James Hetfield.mp3 in Resources */,
				1349815B23C38FE90049993D /* John Mayer.mp3 in Resources */,
				135FE2AC238A1FBB0003DD94 /* LaunchScreen.storyboard in Resources */,
				1349816023C38FE90049993D /* B.B. King.mp3 in Resources */,
				135FE2A9238A1FBB0003DD94 /* Assets.xcassets in Resources */,
				1349816123C38FE90049993D /* Slash.mp3 in Resources */,
				1349815D23C38FE90049993D /* Juanes.mp3 in Resources */,
				1349815323C38A260049993D /* Christian Hurtado.mp3 in Resources */,
				135FE2A7238A1FB80003DD94 /* Main.storyboard in Resources */,
				1349815E23C38FE90049993D /* Jimi Hendrix.mp3 in Resources */,
				1349815F23C38FE90049993D /* Bob Marley.mp3 in Resources */,
			);
			runOnlyForDeploymentPostprocessing = 0;
		};
/* End PBXResourcesBuildPhase section */

/* Begin PBXSourcesBuildPhase section */
		135FE298238A1FB80003DD94 /* Sources */ = {
			isa = PBXSourcesBuildPhase;
			buildActionMask = 2147483647;
			files = (
				13416A6823B5BB62001CFF51 /* AmpCell.swift in Sources */,
				135FE2E4238C822D0003DD94 /* PedalCell.swift in Sources */,
				13FA3A4A23B8337E007D5DCB /* PlayerCell.swift in Sources */,
				1343E32223BD6C06003B0EDD /* RigViewController.swift in Sources */,
				136C249223B828670011ECF0 /* Player.swift in Sources */,
				135FE2B8238A59C70003DD94 /* Pedals.swift in Sources */,
				135FE2A4238A1FB80003DD94 /* guitarViewController.swift in Sources */,
				135FE2A0238A1FB80003DD94 /* AppDelegate.swift in Sources */,
				135FE2BA238A5E0D0003DD94 /* Amplifiers.swift in Sources */,
				13FA3A4823B83175007D5DCB /* PlayerViewController.swift in Sources */,
				135FE2A2238A1FB80003DD94 /* SceneDelegate.swift in Sources */,
				135FE2E0238C60140003DD94 /* PedalViewController.swift in Sources */,
				135FE2B4238A20130003DD94 /* Guitars.swift in Sources */,
				1342726B2397151D00A922EE /* GuitarCell.swift in Sources */,
				1319D08F23B94B9D005DB1B9 /* DetailedPlayerViewController.swift in Sources */,
				13416A6A23B5BC2F001CFF51 /* AmpViewController.swift in Sources */,
			);
			runOnlyForDeploymentPostprocessing = 0;
		};
/* End PBXSourcesBuildPhase section */

/* Begin PBXVariantGroup section */
		135FE2A5238A1FB80003DD94 /* Main.storyboard */ = {
			isa = PBXVariantGroup;
			children = (
				135FE2A6238A1FB80003DD94 /* Base */,
			);
			name = Main.storyboard;
			sourceTree = "<group>";
		};
		135FE2AA238A1FBB0003DD94 /* LaunchScreen.storyboard */ = {
			isa = PBXVariantGroup;
			children = (
				135FE2AB238A1FBB0003DD94 /* Base */,
			);
			name = LaunchScreen.storyboard;
			sourceTree = "<group>";
		};
/* End PBXVariantGroup section */

/* Begin XCBuildConfiguration section */
		135FE2AE238A1FBB0003DD94 /* Debug */ = {
			isa = XCBuildConfiguration;
			buildSettings = {
				ALWAYS_SEARCH_USER_PATHS = NO;
				CLANG_ANALYZER_NONNULL = YES;
				CLANG_ANALYZER_NUMBER_OBJECT_CONVERSION = YES_AGGRESSIVE;
				CLANG_CXX_LANGUAGE_STANDARD = "gnu++14";
				CLANG_CXX_LIBRARY = "libc++";
				CLANG_ENABLE_MODULES = YES;
				CLANG_ENABLE_OBJC_ARC = YES;
				CLANG_ENABLE_OBJC_WEAK = YES;
				CLANG_WARN_BLOCK_CAPTURE_AUTORELEASING = YES;
				CLANG_WARN_BOOL_CONVERSION = YES;
				CLANG_WARN_COMMA = YES;
				CLANG_WARN_CONSTANT_CONVERSION = YES;
				CLANG_WARN_DEPRECATED_OBJC_IMPLEMENTATIONS = YES;
				CLANG_WARN_DIRECT_OBJC_ISA_USAGE = YES_ERROR;
				CLANG_WARN_DOCUMENTATION_COMMENTS = YES;
				CLANG_WARN_EMPTY_BODY = YES;
				CLANG_WARN_ENUM_CONVERSION = YES;
				CLANG_WARN_INFINITE_RECURSION = YES;
				CLANG_WARN_INT_CONVERSION = YES;
				CLANG_WARN_NON_LITERAL_NULL_CONVERSION = YES;
				CLANG_WARN_OBJC_IMPLICIT_RETAIN_SELF = YES;
				CLANG_WARN_OBJC_LITERAL_CONVERSION = YES;
				CLANG_WARN_OBJC_ROOT_CLASS = YES_ERROR;
				CLANG_WARN_RANGE_LOOP_ANALYSIS = YES;
				CLANG_WARN_STRICT_PROTOTYPES = YES;
				CLANG_WARN_SUSPICIOUS_MOVE = YES;
				CLANG_WARN_UNGUARDED_AVAILABILITY = YES_AGGRESSIVE;
				CLANG_WARN_UNREACHABLE_CODE = YES;
				CLANG_WARN__DUPLICATE_METHOD_MATCH = YES;
				COPY_PHASE_STRIP = NO;
				DEBUG_INFORMATION_FORMAT = dwarf;
				ENABLE_STRICT_OBJC_MSGSEND = YES;
				ENABLE_TESTABILITY = YES;
				GCC_C_LANGUAGE_STANDARD = gnu11;
				GCC_DYNAMIC_NO_PIC = NO;
				GCC_NO_COMMON_BLOCKS = YES;
				GCC_OPTIMIZATION_LEVEL = 0;
				GCC_PREPROCESSOR_DEFINITIONS = (
					"DEBUG=1",
					"$(inherited)",
				);
				GCC_WARN_64_TO_32_BIT_CONVERSION = YES;
				GCC_WARN_ABOUT_RETURN_TYPE = YES_ERROR;
				GCC_WARN_UNDECLARED_SELECTOR = YES;
				GCC_WARN_UNINITIALIZED_AUTOS = YES_AGGRESSIVE;
				GCC_WARN_UNUSED_FUNCTION = YES;
				GCC_WARN_UNUSED_VARIABLE = YES;
				IPHONEOS_DEPLOYMENT_TARGET = 13.2;
				MTL_ENABLE_DEBUG_INFO = INCLUDE_SOURCE;
				MTL_FAST_MATH = YES;
				ONLY_ACTIVE_ARCH = YES;
				SDKROOT = iphoneos;
				SWIFT_ACTIVE_COMPILATION_CONDITIONS = DEBUG;
				SWIFT_OPTIMIZATION_LEVEL = "-Onone";
			};
			name = Debug;
		};
		135FE2AF238A1FBB0003DD94 /* Release */ = {
			isa = XCBuildConfiguration;
			buildSettings = {
				ALWAYS_SEARCH_USER_PATHS = NO;
				CLANG_ANALYZER_NONNULL = YES;
				CLANG_ANALYZER_NUMBER_OBJECT_CONVERSION = YES_AGGRESSIVE;
				CLANG_CXX_LANGUAGE_STANDARD = "gnu++14";
				CLANG_CXX_LIBRARY = "libc++";
				CLANG_ENABLE_MODULES = YES;
				CLANG_ENABLE_OBJC_ARC = YES;
				CLANG_ENABLE_OBJC_WEAK = YES;
				CLANG_WARN_BLOCK_CAPTURE_AUTORELEASING = YES;
				CLANG_WARN_BOOL_CONVERSION = YES;
				CLANG_WARN_COMMA = YES;
				CLANG_WARN_CONSTANT_CONVERSION = YES;
				CLANG_WARN_DEPRECATED_OBJC_IMPLEMENTATIONS = YES;
				CLANG_WARN_DIRECT_OBJC_ISA_USAGE = YES_ERROR;
				CLANG_WARN_DOCUMENTATION_COMMENTS = YES;
				CLANG_WARN_EMPTY_BODY = YES;
				CLANG_WARN_ENUM_CONVERSION = YES;
				CLANG_WARN_INFINITE_RECURSION = YES;
				CLANG_WARN_INT_CONVERSION = YES;
				CLANG_WARN_NON_LITERAL_NULL_CONVERSION = YES;
				CLANG_WARN_OBJC_IMPLICIT_RETAIN_SELF = YES;
				CLANG_WARN_OBJC_LITERAL_CONVERSION = YES;
				CLANG_WARN_OBJC_ROOT_CLASS = YES_ERROR;
				CLANG_WARN_RANGE_LOOP_ANALYSIS = YES;
				CLANG_WARN_STRICT_PROTOTYPES = YES;
				CLANG_WARN_SUSPICIOUS_MOVE = YES;
				CLANG_WARN_UNGUARDED_AVAILABILITY = YES_AGGRESSIVE;
				CLANG_WARN_UNREACHABLE_CODE = YES;
				CLANG_WARN__DUPLICATE_METHOD_MATCH = YES;
				COPY_PHASE_STRIP = NO;
				DEBUG_INFORMATION_FORMAT = "dwarf-with-dsym";
				ENABLE_NS_ASSERTIONS = NO;
				ENABLE_STRICT_OBJC_MSGSEND = YES;
				GCC_C_LANGUAGE_STANDARD = gnu11;
				GCC_NO_COMMON_BLOCKS = YES;
				GCC_WARN_64_TO_32_BIT_CONVERSION = YES;
				GCC_WARN_ABOUT_RETURN_TYPE = YES_ERROR;
				GCC_WARN_UNDECLARED_SELECTOR = YES;
				GCC_WARN_UNINITIALIZED_AUTOS = YES_AGGRESSIVE;
				GCC_WARN_UNUSED_FUNCTION = YES;
				GCC_WARN_UNUSED_VARIABLE = YES;
				IPHONEOS_DEPLOYMENT_TARGET = 13.2;
				MTL_ENABLE_DEBUG_INFO = NO;
				MTL_FAST_MATH = YES;
				SDKROOT = iphoneos;
				SWIFT_COMPILATION_MODE = wholemodule;
				SWIFT_OPTIMIZATION_LEVEL = "-O";
				VALIDATE_PRODUCT = YES;
			};
			name = Release;
		};
		135FE2B1238A1FBB0003DD94 /* Debug */ = {
			isa = XCBuildConfiguration;
			buildSettings = {
				ASSETCATALOG_COMPILER_APPICON_NAME = AppIcon;
				CODE_SIGN_STYLE = Automatic;
				DEVELOPMENT_TEAM = 5YYJ8TDUCW;
				INFOPLIST_FILE = GuitarsApp/Info.plist;
				LD_RUNPATH_SEARCH_PATHS = (
					"$(inherited)",
					"@executable_path/Frameworks",
				);
				PRODUCT_BUNDLE_IDENTIFIER = com.christianhurtado.GuitarsApp;
				PRODUCT_NAME = "$(TARGET_NAME)";
				SWIFT_VERSION = 5.0;
				TARGETED_DEVICE_FAMILY = "1,2";
			};
			name = Debug;
		};
		135FE2B2238A1FBB0003DD94 /* Release */ = {
			isa = XCBuildConfiguration;
			buildSettings = {
				ASSETCATALOG_COMPILER_APPICON_NAME = AppIcon;
				CODE_SIGN_STYLE = Automatic;
				DEVELOPMENT_TEAM = 5YYJ8TDUCW;
				INFOPLIST_FILE = GuitarsApp/Info.plist;
				LD_RUNPATH_SEARCH_PATHS = (
					"$(inherited)",
					"@executable_path/Frameworks",
				);
				PRODUCT_BUNDLE_IDENTIFIER = com.christianhurtado.GuitarsApp;
				PRODUCT_NAME = "$(TARGET_NAME)";
				SWIFT_VERSION = 5.0;
				TARGETED_DEVICE_FAMILY = "1,2";
			};
			name = Release;
		};
/* End XCBuildConfiguration section */

/* Begin XCConfigurationList section */
		135FE297238A1FB80003DD94 /* Build configuration list for PBXProject "GuitarsApp" */ = {
			isa = XCConfigurationList;
			buildConfigurations = (
				135FE2AE238A1FBB0003DD94 /* Debug */,
				135FE2AF238A1FBB0003DD94 /* Release */,
			);
			defaultConfigurationIsVisible = 0;
			defaultConfigurationName = Release;
		};
		135FE2B0238A1FBB0003DD94 /* Build configuration list for PBXNativeTarget "GuitarsApp" */ = {
			isa = XCConfigurationList;
			buildConfigurations = (
				135FE2B1238A1FBB0003DD94 /* Debug */,
				135FE2B2238A1FBB0003DD94 /* Release */,
			);
			defaultConfigurationIsVisible = 0;
			defaultConfigurationName = Release;
		};
/* End XCConfigurationList section */
	};
	rootObject = 135FE294238A1FB80003DD94 /* Project object */;
}
